
Microsoft Visual Studio Solution File, Format Version 12.00
# Visual Studio Version 16
VisualStudioVersion = 16.0.31729.503
MinimumVisualStudioVersion = 10.0.40219.1
Project("{888888A0-9F3D-457C-B088-3A5042F75D52}") = "Password_Generator", "Password_Generator\Password_Generator.pyproj", "{A3DD604A-9965-40F2-818C-B17D187AC66A}"
EndProject
Global
	GlobalSection(SolutionConfigurationPlatforms) = preSolution
		Debug|Any CPU = Debug|Any CPU
		Release|Any CPU = Release|Any CPU
	EndGlobalSection
	GlobalSection(ProjectConfigurationPlatforms) = postSolution
		{A3DD604A-9965-40F2-818C-B17D187AC66A}.Debug|Any CPU.ActiveCfg = Debug|Any CPU
		{A3DD604A-9965-40F2-818C-B17D187AC66A}.Release|Any CPU.ActiveCfg = Release|Any CPU
	EndGlobalSection
	GlobalSection(SolutionProperties) = preSolution
		HideSolutionNode = FALSE
	EndGlobalSection
	GlobalSection(ExtensibilityGlobals) = postSolution
		SolutionGuid = {B9EF9113-455B-4CE4-AF62-F0FFF79FF2AA}
	EndGlobalSection
EndGlobal
